
Microsoft Visual Studio Solution File, Format Version 12.00
# Visual Studio 15
VisualStudioVersion = 15.0.28307.168
MinimumVisualStudioVersion = 10.0.40219.1
Project("{FAE04EC0-301F-11D3-BF4B-00C04F79EFBC}") = "MyFirstWebProject", "MyFirstWebProject\MyFirstWebProject.csproj", "{8BE49D28-5305-45F0-8363-83C995BB18AB}"
EndProject
Global
	GlobalSection(SolutionConfigurationPlatforms) = preSolution
		Debug|Any CPU = Debug|Any CPU
		Release|Any CPU = Release|Any CPU
	EndGlobalSection
	GlobalSection(ProjectConfigurationPlatforms) = postSolution
		{8BE49D28-5305-45F0-8363-83C995BB18AB}.Debug|Any CPU.ActiveCfg = Debug|Any CPU
		{8BE49D28-5305-45F0-8363-83C995BB18AB}.Debug|Any CPU.Build.0 = Debug|Any CPU
		{8BE49D28-5305-45F0-8363-83C995BB18AB}.Release|Any CPU.ActiveCfg = Release|Any CPU
		{8BE49D28-5305-45F0-8363-83C995BB18AB}.Release|Any CPU.Build.0 = Release|Any CPU
	EndGlobalSection
	GlobalSection(SolutionProperties) = preSolution
		HideSolutionNode = FALSE
	EndGlobalSection
	GlobalSection(ExtensibilityGlobals) = postSolution
		SolutionGuid = {0D481D73-888B-4C34-9244-F0C0540C667B}
	EndGlobalSection
EndGlobal
